hash: 460ebff405445f954c707869d76093dcc0b1cb31de68cac117c8a1a4e575a42e
updated: 2018-06-16T00:06:55.260686598+10:00
imports:
- name: github.com/fatih/structs
  version: a720dfa8df582c51dee1b36feabb906bde1588bd
- name: github.com/go-sql-driver/mysql
  version: 2307b45d3a41dcc64a2bf46db80f61fd182e0186
- name: github.com/ventu-io/go-shortid
  version: 771a37caa5cf0c81f585d7b6df4dfc77e0615b5c
- name: google.golang.org/appengine
  version: b1f26356af11148e710935ed1ac8a7f5702c7612
  subpackages:
  - cloudsql
testImports: []
